// !$*UTF8*$!
{
	archiveVersion = 1;
	classes = {
	};
	objectVersion = 46;
	objects = {

/* Begin PBXBuildFile section */
		3C71B4911EA06C4C00456C37 /* TYLCommonTableDelegate.m in Sources */ = {isa = PBXBuildFile; fileRef = 3C71B4901EA06C4C00456C37 /* TYLCommonTableDelegate.m */; };
		3C71B4931EA06C9A00456C37 /* UIKit.framework in Frameworks */ = {isa = PBXBuildFile; fileRef = 3C71B4921EA06C9A00456C37 /* UIKit.framework */; };
		3C71B4951EA06CF200456C37 /* Foundation.framework in Frameworks */ = {isa = PBXBuildFile; fileRef = 3C71B4941EA06CF200456C37 /* Foundation.framework */; };
		3C71B4981EA06ECE00456C37 /* TYLCommonTableData.m in Sources */ = {isa = PBXBuildFile; fileRef = 3C71B4971EA06ECE00456C37 /* TYLCommonTableData.m */; };
		3C71B49A1EA06F4C00456C37 /* CoreGraphics.framework in Frameworks */ = {isa = PBXBuildFile; fileRef = 3C71B4991EA06F4C00456C37 /* CoreGraphics.framework */; };
		3C71B49C1EA06FA000456C37 /* CoreFoundation.framework in Frameworks */ = {isa = PBXBuildFile; fileRef = 3C71B49B1EA06FA000456C37 /* CoreFoundation.framework */; };
		3C71B4A51EA0735500456C37 /* UIView+TYL.m in Sources */ = {isa = PBXBuildFile; fileRef = 3C71B4A41EA0735500456C37 /* UIView+TYL.m */; };
		3C71B4A91EA0962D00456C37 /* TYLDataManager.m in Sources */ = {isa = PBXBuildFile; fileRef = 3C71B4A81EA0962D00456C37 /* TYLDataManager.m */; };
		3C71B4AC1EA096CC00456C37 /* TYLUserInfo.m in Sources */ = {isa = PBXBuildFile; fileRef = 3C71B4AB1EA096CC00456C37 /* TYLUserInfo.m */; };
		3C71B4B01EA09C7800456C37 /* CardPortraitCell.m in Sources */ = {isa = PBXBuildFile; fileRef = 3C71B4AF1EA09C7800456C37 /* CardPortraitCell.m */; };
		3C71B4B21EA0A05F00456C37 /* 员工.png in Resources */ = {isa = PBXBuildFile; fileRef = 3C71B4B11EA0A05F00456C37 /* 员工.png */; };
		3C89EF0F1EA05B7A00845D5D /* main.m in Sources */ = {isa = PBXBuildFile; fileRef = 3C89EF0E1EA05B7A00845D5D /* main.m */; };
		3C89EF121EA05B7A00845D5D /* AppDelegate.m in Sources */ = {isa = PBXBuildFile; fileRef = 3C89EF111EA05B7A00845D5D /* AppDelegate.m */; };
		3C89EF151EA05B7A00845D5D /* ViewController.m in Sources */ = {isa = PBXBuildFile; fileRef = 3C89EF141EA05B7A00845D5D /* ViewController.m */; };
		3C89EF181EA05B7A00845D5D /* Main.storyboard in Resources */ = {isa = PBXBuildFile; fileRef = 3C89EF161EA05B7A00845D5D /* Main.storyboard */; };
		3C89EF1A1EA05B7A00845D5D /* Assets.xcassets in Resources */ = {isa = PBXBuildFile; fileRef = 3C89EF191EA05B7A00845D5D /* Assets.xcassets */; };
		3C89EF1D1EA05B7A00845D5D /* LaunchScreen.storyboard in Resources */ = {isa = PBXBuildFile; fileRef = 3C89EF1B1EA05B7A00845D5D /* LaunchScreen.storyboard */; };
		3C89EF281EA05B7A00845D5D /* tableview_____OCTests.m in Sources */ = {isa = PBXBuildFile; fileRef = 3C89EF271EA05B7A00845D5D /* tableview_____OCTests.m */; };
		3C89EF331EA05B7A00845D5D /* tableview_____OCUITests.m in Sources */ = {isa = PBXBuildFile; fileRef = 3C89EF321EA05B7A00845D5D /* tableview_____OCUITests.m */; };
		B12F1D029575041874AE7078 /* libPods-tableview简化封装-OC.a in Frameworks */ = {isa = PBXBuildFile; fileRef = E487E6F223E60361CB7831EE /* libPods-tableview简化封装-OC.a */; };
/* End PBXBuildFile section */

/* Begin PBXContainerItemProxy section */
		3C89EF241EA05B7A00845D5D /* PBXContainerItemProxy */ = {
			isa = PBXContainerItemProxy;
			containerPortal = 3C89EF021EA05B7A00845D5D /* Project object */;
			proxyType = 1;
			remoteGlobalIDString = 3C89EF091EA05B7A00845D5D;
			remoteInfo = "tableview简化封装-OC";
		};
		3C89EF2F1EA05B7A00845D5D /* PBXContainerItemProxy */ = {
			isa = PBXContainerItemProxy;
			containerPortal = 3C89EF021EA05B7A00845D5D /* Project object */;
			proxyType = 1;
			remoteGlobalIDString = 3C89EF091EA05B7A00845D5D;
			remoteInfo = "tableview简化封装-OC";
		};
/* End PBXContainerItemProxy section */

/* Begin PBXFileReference section */
		02123B7523CE5E2F00B9E56D /* Pods-tableview简化封装-OC.release.xcconfig */ = {isa = PBXFileReference; includeInIndex = 1; lastKnownFileType = text.xcconfig; name = "Pods-tableview简化封装-OC.release.xcconfig"; path = "Pods/Target Support Files/Pods-tableview简化封装-OC/Pods-tableview简化封装-OC.release.xcconfig"; sourceTree = "<group>"; };
		242698480C315D429638EF84 /* Pods-tableview简化封装-OC.debug.xcconfig */ = {isa = PBXFileReference; includeInIndex = 1; lastKnownFileType = text.xcconfig; name = "Pods-tableview简化封装-OC.debug.xcconfig"; path = "Pods/Target Support Files/Pods-tableview简化封装-OC/Pods-tableview简化封装-OC.debug.xcconfig"; sourceTree = "<group>"; };
		3C71B48F1EA06C4C00456C37 /* TYLCommonTableDelegate.h */ = {isa = PBXFileReference; fileEncoding = 4; lastKnownFileType = sourcecode.c.h; path = TYLCommonTableDelegate.h; sourceTree = "<group>"; };
		3C71B4901EA06C4C00456C37 /* TYLCommonTableDelegate.m */ = {isa = PBXFileReference; fileEncoding = 4; lastKnownFileType = sourcecode.c.objc; path = TYLCommonTableDelegate.m; sourceTree = "<group>"; };
		3C71B4921EA06C9A00456C37 /* UIKit.framework */ = {isa = PBXFileReference; lastKnownFileType = wrapper.framework; name = UIKit.framework; path = System/Library/Frameworks/UIKit.framework; sourceTree = SDKROOT; };
		3C71B4941EA06CF200456C37 /* Foundation.framework */ = {isa = PBXFileReference; lastKnownFileType = wrapper.framework; name = Foundation.framework; path = System/Library/Frameworks/Foundation.framework; sourceTree = SDKROOT; };
		3C71B4961EA06ECE00456C37 /* TYLCommonTableData.h */ = {isa = PBXFileReference; fileEncoding = 4; lastKnownFileType = sourcecode.c.h; path = TYLCommonTableData.h; sourceTree = "<group>"; };
		3C71B4971EA06ECE00456C37 /* TYLCommonTableData.m */ = {isa = PBXFileReference; fileEncoding = 4; lastKnownFileType = sourcecode.c.objc; path = TYLCommonTableData.m; sourceTree = "<group>"; };
		3C71B4991EA06F4C00456C37 /* CoreGraphics.framework */ = {isa = PBXFileReference; lastKnownFileType = wrapper.framework; name = CoreGraphics.framework; path = System/Library/Frameworks/CoreGraphics.framework; sourceTree = SDKROOT; };
		3C71B49B1EA06FA000456C37 /* CoreFoundation.framework */ = {isa = PBXFileReference; lastKnownFileType = wrapper.framework; name = CoreFoundation.framework; path = System/Library/Frameworks/CoreFoundation.framework; sourceTree = SDKROOT; };
		3C71B4A11EA072C100456C37 /* TYLCommonTableViewCell.h */ = {isa = PBXFileReference; fileEncoding = 4; lastKnownFileType = sourcecode.c.h; path = TYLCommonTableViewCell.h; sourceTree = "<group>"; };
		3C71B4A31EA0735500456C37 /* UIView+TYL.h */ = {isa = PBXFileReference; fileEncoding = 4; lastKnownFileType = sourcecode.c.h; path = "UIView+TYL.h"; sourceTree = "<group>"; };
		3C71B4A41EA0735500456C37 /* UIView+TYL.m */ = {isa = PBXFileReference; fileEncoding = 4; lastKnownFileType = sourcecode.c.objc; path = "UIView+TYL.m"; sourceTree = "<group>"; };
		3C71B4A61EA0754600456C37 /* TYLGlobalMacro.h */ = {isa = PBXFileReference; lastKnownFileType = sourcecode.c.h; path = TYLGlobalMacro.h; sourceTree = "<group>"; };
		3C71B4A71EA0962D00456C37 /* TYLDataManager.h */ = {isa = PBXFileReference; fileEncoding = 4; lastKnownFileType = sourcecode.c.h; name = TYLDataManager.h; path = "tableview简化封装-OC/TYLDataManager.h"; sourceTree = SOURCE_ROOT; };
		3C71B4A81EA0962D00456C37 /* TYLDataManager.m */ = {isa = PBXFileReference; fileEncoding = 4; lastKnownFileType = sourcecode.c.objc; name = TYLDataManager.m; path = "tableview简化封装-OC/TYLDataManager.m"; sourceTree = SOURCE_ROOT; };
		3C71B4AA1EA096CC00456C37 /* TYLUserInfo.h */ = {isa = PBXFileReference; fileEncoding = 4; lastKnownFileType = sourcecode.c.h; name = TYLUserInfo.h; path = ../TYLUserInfo.h; sourceTree = "<group>"; };
		3C71B4AB1EA096CC00456C37 /* TYLUserInfo.m */ = {isa = PBXFileReference; fileEncoding = 4; lastKnownFileType = sourcecode.c.objc; name = TYLUserInfo.m; path = ../TYLUserInfo.m; sourceTree = "<group>"; };
		3C71B4AE1EA09C7800456C37 /* CardPortraitCell.h */ = {isa = PBXFileReference; fileEncoding = 4; lastKnownFileType = sourcecode.c.h; path = CardPortraitCell.h; sourceTree = "<group>"; };
		3C71B4AF1EA09C7800456C37 /* CardPortraitCell.m */ = {isa = PBXFileReference; fileEncoding = 4; lastKnownFileType = sourcecode.c.objc; path = CardPortraitCell.m; sourceTree = "<group>"; };
		3C71B4B11EA0A05F00456C37 /* 员工.png */ = {isa = PBXFileReference; lastKnownFileType = image.png; path = "员工.png"; sourceTree = "<group>"; };
		3C89EF0A1EA05B7A00845D5D /* tableview简化封装-OC.app */ = {isa = PBXFileReference; explicitFileType = wrapper.application; includeInIndex = 0; path = "tableview简化封装-OC.app"; sourceTree = BUILT_PRODUCTS_DIR; };
		3C89EF0E1EA05B7A00845D5D /* main.m */ = {isa = PBXFileReference; lastKnownFileType = sourcecode.c.objc; path = main.m; sourceTree = "<group>"; };
		3C89EF101EA05B7A00845D5D /* AppDelegate.h */ = {isa = PBXFileReference; lastKnownFileType = sourcecode.c.h; path = AppDelegate.h; sourceTree = "<group>"; };
		3C89EF111EA05B7A00845D5D /* AppDelegate.m */ = {isa = PBXFileReference; lastKnownFileType = sourcecode.c.objc; path = AppDelegate.m; sourceTree = "<group>"; };
		3C89EF131EA05B7A00845D5D /* ViewController.h */ = {isa = PBXFileReference; lastKnownFileType = sourcecode.c.h; path = ViewController.h; sourceTree = "<group>"; };
		3C89EF141EA05B7A00845D5D /* ViewController.m */ = {isa = PBXFileReference; lastKnownFileType = sourcecode.c.objc; path = ViewController.m; sourceTree = "<group>"; };
		3C89EF171EA05B7A00845D5D /* Base */ = {isa = PBXFileReference; lastKnownFileType = file.storyboard; name = Base; path = Base.lproj/Main.storyboard; sourceTree = "<group>"; };
		3C89EF191EA05B7A00845D5D /* Assets.xcassets */ = {isa = PBXFileReference; lastKnownFileType = folder.assetcatalog; path = Assets.xcassets; sourceTree = "<group>"; };
		3C89EF1C1EA05B7A00845D5D /* Base */ = {isa = PBXFileReference; lastKnownFileType = file.storyboard; name = Base; path = Base.lproj/LaunchScreen.storyboard; sourceTree = "<group>"; };
		3C89EF1E1EA05B7A00845D5D /* Info.plist */ = {isa = PBXFileReference; lastKnownFileType = text.plist.xml; path = Info.plist; sourceTree = "<group>"; };
		3C89EF231EA05B7A00845D5D /* tableview简化封装-OCTests.xctest */ = {isa = PBXFileReference; explicitFileType = wrapper.cfbundle; includeInIndex = 0; path = "tableview简化封装-OCTests.xctest"; sourceTree = BUILT_PRODUCTS_DIR; };
		3C89EF271EA05B7A00845D5D /* tableview_____OCTests.m */ = {isa = PBXFileReference; lastKnownFileType = sourcecode.c.objc; path = "tableview_____OCTests.m"; sourceTree = "<group>"; };
		3C89EF291EA05B7A00845D5D /* Info.plist */ = {isa = PBXFileReference; lastKnownFileType = text.plist.xml; path = Info.plist; sourceTree = "<group>"; };
		3C89EF2E1EA05B7A00845D5D /* tableview简化封装-OCUITests.xctest */ = {isa = PBXFileReference; explicitFileType = wrapper.cfbundle; includeInIndex = 0; path = "tableview简化封装-OCUITests.xctest"; sourceTree = BUILT_PRODUCTS_DIR; };
		3C89EF321EA05B7A00845D5D /* tableview_____OCUITests.m */ = {isa = PBXFileReference; lastKnownFileType = sourcecode.c.objc; path = "tableview_____OCUITests.m"; sourceTree = "<group>"; };
		3C89EF341EA05B7A00845D5D /* Info.plist */ = {isa = PBXFileReference; lastKnownFileType = text.plist.xml; path = Info.plist; sourceTree = "<group>"; };
		E487E6F223E60361CB7831EE /* libPods-tableview简化封装-OC.a */ = {isa = PBXFileReference; explicitFileType = archive.ar; includeInIndex = 0; path = "libPods-tableview简化封装-OC.a"; sourceTree = BUILT_PRODUCTS_DIR; };
/* End PBXFileReference section */

/* Begin PBXFrameworksBuildPhase section */
		3C89EF071EA05B7A00845D5D /* Frameworks */ = {
			isa = PBXFrameworksBuildPhase;
			buildActionMask = 2147483647;
			files = (
				3C71B49C1EA06FA000456C37 /* CoreFoundation.framework in Frameworks */,
				3C71B49A1EA06F4C00456C37 /* CoreGraphics.framework in Frameworks */,
				3C71B4951EA06CF200456C37 /* Foundation.framework in Frameworks */,
				3C71B4931EA06C9A00456C37 /* UIKit.framework in Frameworks */,
				B12F1D029575041874AE7078 /* libPods-tableview简化封装-OC.a in Frameworks */,
			);
			runOnlyForDeploymentPostprocessing = 0;
		};
		3C89EF201EA05B7A00845D5D /* Frameworks */ = {
			isa = PBXFrameworksBuildPhase;
			buildActionMask = 2147483647;
			files = (
			);
			runOnlyForDeploymentPostprocessing = 0;
		};
		3C89EF2B1EA05B7A00845D5D /* Frameworks */ = {
			isa = PBXFrameworksBuildPhase;
			buildActionMask = 2147483647;
			files = (
			);
			runOnlyForDeploymentPostprocessing = 0;
		};
/* End PBXFrameworksBuildPhase section */

/* Begin PBXGroup section */
		3C71B48E1EA06BB400456C37 /* Global */ = {
			isa = PBXGroup;
			children = (
				3C71B4A21EA0733A00456C37 /* Category */,
				3C71B48F1EA06C4C00456C37 /* TYLCommonTableDelegate.h */,
				3C71B4901EA06C4C00456C37 /* TYLCommonTableDelegate.m */,
				3C71B4961EA06ECE00456C37 /* TYLCommonTableData.h */,
				3C71B4971EA06ECE00456C37 /* TYLCommonTableData.m */,
				3C71B4A11EA072C100456C37 /* TYLCommonTableViewCell.h */,
				3C71B4A61EA0754600456C37 /* TYLGlobalMacro.h */,
			);
			path = Global;
			sourceTree = "<group>";
		};
		3C71B4A21EA0733A00456C37 /* Category */ = {
			isa = PBXGroup;
			children = (
				3C71B4A31EA0735500456C37 /* UIView+TYL.h */,
				3C71B4A41EA0735500456C37 /* UIView+TYL.m */,
			);
			path = Category;
			sourceTree = "<group>";
		};
		3C71B4AD1EA098DB00456C37 /* TYLDataManager */ = {
			isa = PBXGroup;
			children = (
				3C71B4AA1EA096CC00456C37 /* TYLUserInfo.h */,
				3C71B4AB1EA096CC00456C37 /* TYLUserInfo.m */,
				3C71B4A71EA0962D00456C37 /* TYLDataManager.h */,
				3C71B4A81EA0962D00456C37 /* TYLDataManager.m */,
			);
			path = TYLDataManager;
			sourceTree = "<group>";
		};
		3C89EF011EA05B7A00845D5D = {
			isa = PBXGroup;
			children = (
				3C89EF0C1EA05B7A00845D5D /* tableview简化封装-OC */,
				3C89EF261EA05B7A00845D5D /* tableview简化封装-OCTests */,
				3C89EF311EA05B7A00845D5D /* tableview简化封装-OCUITests */,
				3C89EF0B1EA05B7A00845D5D /* Products */,
				6AE63690525BE9C9548FE0F2 /* Pods */,
				80AA50BBF6ABAD171865ACD3 /* Frameworks */,
			);
			sourceTree = "<group>";
		};
		3C89EF0B1EA05B7A00845D5D /* Products */ = {
			isa = PBXGroup;
			children = (
				3C89EF0A1EA05B7A00845D5D /* tableview简化封装-OC.app */,
				3C89EF231EA05B7A00845D5D /* tableview简化封装-OCTests.xctest */,
				3C89EF2E1EA05B7A00845D5D /* tableview简化封装-OCUITests.xctest */,
			);
			name = Products;
			sourceTree = "<group>";
		};
		3C89EF0C1EA05B7A00845D5D /* tableview简化封装-OC */ = {
			isa = PBXGroup;
			children = (
				3C71B4AD1EA098DB00456C37 /* TYLDataManager */,
				3C71B48E1EA06BB400456C37 /* Global */,
				3C89EF101EA05B7A00845D5D /* AppDelegate.h */,
				3C89EF111EA05B7A00845D5D /* AppDelegate.m */,
				3C89EF131EA05B7A00845D5D /* ViewController.h */,
				3C89EF141EA05B7A00845D5D /* ViewController.m */,
				3C71B4AE1EA09C7800456C37 /* CardPortraitCell.h */,
				3C71B4AF1EA09C7800456C37 /* CardPortraitCell.m */,
				3C71B4B11EA0A05F00456C37 /* 员工.png */,
				3C89EF161EA05B7A00845D5D /* Main.storyboard */,
				3C89EF191EA05B7A00845D5D /* Assets.xcassets */,
				3C89EF1B1EA05B7A00845D5D /* LaunchScreen.storyboard */,
				3C89EF1E1EA05B7A00845D5D /* Info.plist */,
				3C89EF0D1EA05B7A00845D5D /* Supporting Files */,
			);
			path = "tableview简化封装-OC";
			sourceTree = "<group>";
		};
		3C89EF0D1EA05B7A00845D5D /* Supporting Files */ = {
			isa = PBXGroup;
			children = (
				3C89EF0E1EA05B7A00845D5D /* main.m */,
			);
			name = "Supporting Files";
			sourceTree = "<group>";
		};
		3C89EF261EA05B7A00845D5D /* tableview简化封装-OCTests */ = {
			isa = PBXGroup;
			children = (
				3C89EF271EA05B7A00845D5D /* tableview_____OCTests.m */,
				3C89EF291EA05B7A00845D5D /* Info.plist */,
			);
			path = "tableview简化封装-OCTests";
			sourceTree = "<group>";
		};
		3C89EF311EA05B7A00845D5D /* tableview简化封装-OCUITests */ = {
			isa = PBXGroup;
			children = (
				3C89EF321EA05B7A00845D5D /* tableview_____OCUITests.m */,
				3C89EF341EA05B7A00845D5D /* Info.plist */,
			);
			path = "tableview简化封装-OCUITests";
			sourceTree = "<group>";
		};
		6AE63690525BE9C9548FE0F2 /* Pods */ = {
			isa = PBXGroup;
			children = (
				242698480C315D429638EF84 /* Pods-tableview简化封装-OC.debug.xcconfig */,
				02123B7523CE5E2F00B9E56D /* Pods-tableview简化封装-OC.release.xcconfig */,
			);
			name = Pods;
			sourceTree = "<group>";
		};
		80AA50BBF6ABAD171865ACD3 /* Frameworks */ = {
			isa = PBXGroup;
			children = (
				3C71B49B1EA06FA000456C37 /* CoreFoundation.framework */,
				3C71B4991EA06F4C00456C37 /* CoreGraphics.framework */,
				3C71B4941EA06CF200456C37 /* Foundation.framework */,
				3C71B4921EA06C9A00456C37 /* UIKit.framework */,
				E487E6F223E60361CB7831EE /* libPods-tableview简化封装-OC.a */,
			);
			name = Frameworks;
			sourceTree = "<group>";
		};
/* End PBXGroup section */

/* Begin PBXNativeTarget section */
		3C89EF091EA05B7A00845D5D /* tableview简化封装-OC */ = {
			isa = PBXNativeTarget;
			buildConfigurationList = 3C89EF371EA05B7A00845D5D /* Build configuration list for PBXNativeTarget "tableview简化封装-OC" */;
			buildPhases = (
				23A98E5765B91448C83AF033 /* [CP] Check Pods Manifest.lock */,
				3C89EF061EA05B7A00845D5D /* Sources */,
				3C89EF071EA05B7A00845D5D /* Frameworks */,
				3C89EF081EA05B7A00845D5D /* Resources */,
				C3EE1224C471E7A4EE33E09E /* [CP] Embed Pods Frameworks */,
				A345713A03B717B37213DB73 /* [CP] Copy Pods Resources */,
			);
			buildRules = (
			);
			dependencies = (
			);
			name = "tableview简化封装-OC";
			productName = "tableview简化封装-OC";
			productReference = 3C89EF0A1EA05B7A00845D5D /* tableview简化封装-OC.app */;
			productType = "com.apple.product-type.application";
		};
		3C89EF221EA05B7A00845D5D /* tableview简化封装-OCTests */ = {
			isa = PBXNativeTarget;
			buildConfigurationList = 3C89EF3A1EA05B7A00845D5D /* Build configuration list for PBXNativeTarget "tableview简化封装-OCTests" */;
			buildPhases = (
				3C89EF1F1EA05B7A00845D5D /* Sources */,
				3C89EF201EA05B7A00845D5D /* Frameworks */,
				3C89EF211EA05B7A00845D5D /* Resources */,
			);
			buildRules = (
			);
			dependencies = (
				3C89EF251EA05B7A00845D5D /* PBXTargetDependency */,
			);
			name = "tableview简化封装-OCTests";
			productName = "tableview简化封装-OCTests";
			productReference = 3C89EF231EA05B7A00845D5D /* tableview简化封装-OCTests.xctest */;
			productType = "com.apple.product-type.bundle.unit-test";
		};
		3C89EF2D1EA05B7A00845D5D /* tableview简化封装-OCUITests */ = {
			isa = PBXNativeTarget;
			buildConfigurationList = 3C89EF3D1EA05B7A00845D5D /* Build configuration list for PBXNativeTarget "tableview简化封装-OCUITests" */;
			buildPhases = (
				3C89EF2A1EA05B7A00845D5D /* Sources */,
				3C89EF2B1EA05B7A00845D5D /* Frameworks */,
				3C89EF2C1EA05B7A00845D5D /* Resources */,
			);
			buildRules = (
			);
			dependencies = (
				3C89EF301EA05B7A00845D5D /* PBXTargetDependency */,
			);
			name = "tableview简化封装-OCUITests";
			productName = "tableview简化封装-OCUITests";
			productReference = 3C89EF2E1EA05B7A00845D5D /* tableview简化封装-OCUITests.xctest */;
			productType = "com.apple.product-type.bundle.ui-testing";
		};
/* End PBXNativeTarget section */

/* Begin PBXProject section */
		3C89EF021EA05B7A00845D5D /* Project object */ = {
			isa = PBXProject;
			attributes = {
				LastUpgradeCheck = 0830;
				ORGANIZATIONNAME = tyl;
				TargetAttributes = {
					3C89EF091EA05B7A00845D5D = {
						CreatedOnToolsVersion = 8.3;
						DevelopmentTeam = 657HH87BMM;
						ProvisioningStyle = Automatic;
					};
					3C89EF221EA05B7A00845D5D = {
						CreatedOnToolsVersion = 8.3;
						DevelopmentTeam = 657HH87BMM;
						ProvisioningStyle = Automatic;
						TestTargetID = 3C89EF091EA05B7A00845D5D;
					};
					3C89EF2D1EA05B7A00845D5D = {
						CreatedOnToolsVersion = 8.3;
						DevelopmentTeam = 657HH87BMM;
						ProvisioningStyle = Automatic;
						TestTargetID = 3C89EF091EA05B7A00845D5D;
					};
				};
			};
			buildConfigurationList = 3C89EF051EA05B7A00845D5D /* Build configuration list for PBXProject "tableview简化封装-OC" */;
			compatibilityVersion = "Xcode 3.2";
			developmentRegion = English;
			hasScannedForEncodings = 0;
			knownRegions = (
				en,
				Base,
			);
			mainGroup = 3C89EF011EA05B7A00845D5D;
			productRefGroup = 3C89EF0B1EA05B7A00845D5D /* Products */;
			projectDirPath = "";
			projectRoot = "";
			targets = (
				3C89EF091EA05B7A00845D5D /* tableview简化封装-OC */,
				3C89EF221EA05B7A00845D5D /* tableview简化封装-OCTests */,
				3C89EF2D1EA05B7A00845D5D /* tableview简化封装-OCUITests */,
			);
		};
/* End PBXProject section */

/* Begin PBXResourcesBuildPhase section */
		3C89EF081EA05B7A00845D5D /* Resources */ = {
			isa = PBXResourcesBuildPhase;
			buildActionMask = 2147483647;
			files = (
				3C89EF1D1EA05B7A00845D5D /* LaunchScreen.storyboard in Resources */,
				3C89EF1A1EA05B7A00845D5D /* Assets.xcassets in Resources */,
				3C71B4B21EA0A05F00456C37 /* 员工.png in Resources */,
				3C89EF181EA05B7A00845D5D /* Main.storyboard in Resources */,
			);
			runOnlyForDeploymentPostprocessing = 0;
		};
		3C89EF211EA05B7A00845D5D /* Resources */ = {
			isa = PBXResourcesBuildPhase;
			buildActionMask = 2147483647;
			files = (
			);
			runOnlyForDeploymentPostprocessing = 0;
		};
		3C89EF2C1EA05B7A00845D5D /* Resources */ = {
			isa = PBXResourcesBuildPhase;
			buildActionMask = 2147483647;
			files = (
			);
			runOnlyForDeploymentPostprocessing = 0;
		};
/* End PBXResourcesBuildPhase section */

/* Begin PBXShellScriptBuildPhase section */
		23A98E5765B91448C83AF033 /* [CP] Check Pods Manifest.lock */ = {
			isa = PBXShellScriptBuildPhase;
			buildActionMask = 2147483647;
			files = (
			);
			inputPaths = (
			);
			name = "[CP] Check Pods Manifest.lock";
			outputPaths = (
			);
			runOnlyForDeploymentPostprocessing = 0;
			shellPath = /bin/sh;
			shellScript = "diff \"${PODS_ROOT}/../Podfile.lock\" \"${PODS_ROOT}/Manifest.lock\" > /dev/null\nif [[ $? != 0 ]] ; then\n    cat << EOM\nerror: The sandbox is not in sync with the Podfile.lock. Run 'pod install' or update your CocoaPods installation.\nEOM\n    exit 1\nfi\n";
			showEnvVarsInLog = 0;
		};
		A345713A03B717B37213DB73 /* [CP] Copy Pods Resources */ = {
			isa = PBXShellScriptBuildPhase;
			buildActionMask = 2147483647;
			files = (
			);
			inputPaths = (
			);
			name = "[CP] Copy Pods Resources";
			outputPaths = (
			);
			runOnlyForDeploymentPostprocessing = 0;
			shellPath = /bin/sh;
			shellScript = "\"${SRCROOT}/Pods/Target Support Files/Pods-tableview简化封装-OC/Pods-tableview简化封装-OC-resources.sh\"\n";
			showEnvVarsInLog = 0;
		};
		C3EE1224C471E7A4EE33E09E /* [CP] Embed Pods Frameworks */ = {
			isa = PBXShellScriptBuildPhase;
			buildActionMask = 2147483647;
			files = (
			);
			inputPaths = (
			);
			name = "[CP] Embed Pods Frameworks";
			outputPaths = (
			);
			runOnlyForDeploymentPostprocessing = 0;
			shellPath = /bin/sh;
			shellScript = "\"${SRCROOT}/Pods/Target Support Files/Pods-tableview简化封装-OC/Pods-tableview简化封装-OC-frameworks.sh\"\n";
			showEnvVarsInLog = 0;
		};
/* End PBXShellScriptBuildPhase section */

/* Begin PBXSourcesBuildPhase section */
		3C89EF061EA05B7A00845D5D /* Sources */ = {
			isa = PBXSourcesBuildPhase;
			buildActionMask = 2147483647;
			files = (
				3C71B4911EA06C4C00456C37 /* TYLCommonTableDelegate.m in Sources */,
				3C89EF151EA05B7A00845D5D /* ViewController.m in Sources */,
				3C71B4A51EA0735500456C37 /* UIView+TYL.m in Sources */,
				3C71B4981EA06ECE00456C37 /* TYLCommonTableData.m in Sources */,
				3C71B4AC1EA096CC00456C37 /* TYLUserInfo.m in Sources */,
				3C89EF121EA05B7A00845D5D /* AppDelegate.m in Sources */,
				3C71B4B01EA09C7800456C37 /* CardPortraitCell.m in Sources */,
				3C89EF0F1EA05B7A00845D5D /* main.m in Sources */,
				3C71B4A91EA0962D00456C37 /* TYLDataManager.m in Sources */,
			);
			runOnlyForDeploymentPostprocessing = 0;
		};
		3C89EF1F1EA05B7A00845D5D /* Sources */ = {
			isa = PBXSourcesBuildPhase;
			buildActionMask = 2147483647;
			files = (
				3C89EF281EA05B7A00845D5D /* tableview_____OCTests.m in Sources */,
			);
			runOnlyForDeploymentPostprocessing = 0;
		};
		3C89EF2A1EA05B7A00845D5D /* Sources */ = {
			isa = PBXSourcesBuildPhase;
			buildActionMask = 2147483647;
			files = (
				3C89EF331EA05B7A00845D5D /* tableview_____OCUITests.m in Sources */,
			);
			runOnlyForDeploymentPostprocessing = 0;
		};
/* End PBXSourcesBuildPhase section */

/* Begin PBXTargetDependency section */
		3C89EF251EA05B7A00845D5D /* PBXTargetDependency */ = {
			isa = PBXTargetDependency;
			target = 3C89EF091EA05B7A00845D5D /* tableview简化封装-OC */;
			targetProxy = 3C89EF241EA05B7A00845D5D /* PBXContainerItemProxy */;
		};
		3C89EF301EA05B7A00845D5D /* PBXTargetDependency */ = {
			isa = PBXTargetDependency;
			target = 3C89EF091EA05B7A00845D5D /* tableview简化封装-OC */;
			targetProxy = 3C89EF2F1EA05B7A00845D5D /* PBXContainerItemProxy */;
		};
/* End PBXTargetDependency section */

/* Begin PBXVariantGroup section */
		3C89EF161EA05B7A00845D5D /* Main.storyboard */ = {
			isa = PBXVariantGroup;
			children = (
				3C89EF171EA05B7A00845D5D /* Base */,
			);
			name = Main.storyboard;
			sourceTree = "<group>";
		};
		3C89EF1B1EA05B7A00845D5D /* LaunchScreen.storyboard */ = {
			isa = PBXVariantGroup;
			children = (
				3C89EF1C1EA05B7A00845D5D /* Base */,
			);
			name = LaunchScreen.storyboard;
			sourceTree = "<group>";
		};
/* End PBXVariantGroup section */

/* Begin XCBuildConfiguration section */
		3C89EF351EA05B7A00845D5D /* Debug */ = {
			isa = XCBuildConfiguration;
			buildSettings = {
				ALWAYS_SEARCH_USER_PATHS = NO;
				CLANG_ANALYZER_NONNULL = YES;
				CLANG_ANALYZER_NUMBER_OBJECT_CONVERSION = YES_AGGRESSIVE;
				CLANG_CXX_LANGUAGE_STANDARD = "gnu++0x";
				CLANG_CXX_LIBRARY = "libc++";
				CLANG_ENABLE_MODULES = YES;
				CLANG_ENABLE_OBJC_ARC = YES;
				CLANG_WARN_BOOL_CONVERSION = YES;
				CLANG_WARN_CONSTANT_CONVERSION = YES;
				CLANG_WARN_DIRECT_OBJC_ISA_USAGE = YES_ERROR;
				CLANG_WARN_DOCUMENTATION_COMMENTS = YES;
				CLANG_WARN_EMPTY_BODY = YES;
				CLANG_WARN_ENUM_CONVERSION = YES;
				CLANG_WARN_INFINITE_RECURSION = YES;
				CLANG_WARN_INT_CONVERSION = YES;
				CLANG_WARN_OBJC_ROOT_CLASS = YES_ERROR;
				CLANG_WARN_SUSPICIOUS_MOVE = YES;
				CLANG_WARN_UNREACHABLE_CODE = YES;
				CLANG_WARN__DUPLICATE_METHOD_MATCH = YES;
				"CODE_SIGN_IDENTITY[sdk=iphoneos*]" = "iPhone Developer";
				COPY_PHASE_STRIP = NO;
				DEBUG_INFORMATION_FORMAT = dwarf;
				ENABLE_STRICT_OBJC_MSGSEND = YES;
				ENABLE_TESTABILITY = YES;
				GCC_C_LANGUAGE_STANDARD = gnu99;
				GCC_DYNAMIC_NO_PIC = NO;
				GCC_NO_COMMON_BLOCKS = YES;
				GCC_OPTIMIZATION_LEVEL = 0;
				GCC_PREPROCESSOR_DEFINITIONS = (
					"DEBUG=1",
					"$(inherited)",
				);
				GCC_WARN_64_TO_32_BIT_CONVERSION = YES;
				GCC_WARN_ABOUT_RETURN_TYPE = YES_ERROR;
				GCC_WARN_UNDECLARED_SELECTOR = YES;
				GCC_WARN_UNINITIALIZED_AUTOS = YES_AGGRESSIVE;
				GCC_WARN_UNUSED_FUNCTION = YES;
				GCC_WARN_UNUSED_VARIABLE = YES;
				IPHONEOS_DEPLOYMENT_TARGET = 8.0;
				MTL_ENABLE_DEBUG_INFO = YES;
				ONLY_ACTIVE_ARCH = YES;
				SDKROOT = iphoneos;
			};
			name = Debug;
		};
		3C89EF361EA05B7A00845D5D /* Release */ = {
			isa = XCBuildConfiguration;
			buildSettings = {
				ALWAYS_SEARCH_USER_PATHS = NO;
				CLANG_ANALYZER_NONNULL = YES;
				CLANG_ANALYZER_NUMBER_OBJECT_CONVERSION = YES_AGGRESSIVE;
				CLANG_CXX_LANGUAGE_STANDARD = "gnu++0x";
				CLANG_CXX_LIBRARY = "libc++";
				CLANG_ENABLE_MODULES = YES;
				CLANG_ENABLE_OBJC_ARC = YES;
				CLANG_WARN_BOOL_CONVERSION = YES;
				CLANG_WARN_CONSTANT_CONVERSION = YES;
				CLANG_WARN_DIRECT_OBJC_ISA_USAGE = YES_ERROR;
				CLANG_WARN_DOCUMENTATION_COMMENTS = YES;
				CLANG_WARN_EMPTY_BODY = YES;
				CLANG_WARN_ENUM_CONVERSION = YES;
				CLANG_WARN_INFINITE_RECURSION = YES;
				CLANG_WARN_INT_CONVERSION = YES;
				CLANG_WARN_OBJC_ROOT_CLASS = YES_ERROR;
				CLANG_WARN_SUSPICIOUS_MOVE = YES;
				CLANG_WARN_UNREACHABLE_CODE = YES;
				CLANG_WARN__DUPLICATE_METHOD_MATCH = YES;
				"CODE_SIGN_IDENTITY[sdk=iphoneos*]" = "iPhone Developer";
				COPY_PHASE_STRIP = NO;
				DEBUG_INFORMATION_FORMAT = "dwarf-with-dsym";
				ENABLE_NS_ASSERTIONS = NO;
				ENABLE_STRICT_OBJC_MSGSEND = YES;
				GCC_C_LANGUAGE_STANDARD = gnu99;
				GCC_NO_COMMON_BLOCKS = YES;
				GCC_WARN_64_TO_32_BIT_CONVERSION = YES;
				GCC_WARN_ABOUT_RETURN_TYPE = YES_ERROR;
				GCC_WARN_UNDECLARED_SELECTOR = YES;
				GCC_WARN_UNINITIALIZED_AUTOS = YES_AGGRESSIVE;
				GCC_WARN_UNUSED_FUNCTION = YES;
				GCC_WARN_UNUSED_VARIABLE = YES;
				IPHONEOS_DEPLOYMENT_TARGET = 8.0;
				MTL_ENABLE_DEBUG_INFO = NO;
				SDKROOT = iphoneos;
				VALIDATE_PRODUCT = YES;
			};
			name = Release;
		};
		3C89EF381EA05B7A00845D5D /* Debug */ = {
			isa = XCBuildConfiguration;
			baseConfigurationReference = 242698480C315D429638EF84 /* Pods-tableview简化封装-OC.debug.xcconfig */;
			buildSettings = {
				ASSETCATALOG_COMPILER_APPICON_NAME = AppIcon;
				DEVELOPMENT_TEAM = 657HH87BMM;
				INFOPLIST_FILE = "tableview简化封装-OC/Info.plist";
				LD_RUNPATH_SEARCH_PATHS = "$(inherited) @executable_path/Frameworks";
				PRODUCT_BUNDLE_IDENTIFIER = "----.tableview-----OC";
				PRODUCT_NAME = "$(TARGET_NAME)";
			};
			name = Debug;
		};
		3C89EF391EA05B7A00845D5D /* Release */ = {
			isa = XCBuildConfiguration;
			baseConfigurationReference = 02123B7523CE5E2F00B9E56D /* Pods-tableview简化封装-OC.release.xcconfig */;
			buildSettings = {
				ASSETCATALOG_COMPILER_APPICON_NAME = AppIcon;
				DEVELOPMENT_TEAM = 657HH87BMM;
				INFOPLIST_FILE = "tableview简化封装-OC/Info.plist";
				LD_RUNPATH_SEARCH_PATHS = "$(inherited) @executable_path/Frameworks";
				PRODUCT_BUNDLE_IDENTIFIER = "----.tableview-----OC";
				PRODUCT_NAME = "$(TARGET_NAME)";
			};
			name = Release;
		};
		3C89EF3B1EA05B7A00845D5D /* Debug */ = {
			isa = XCBuildConfiguration;
			buildSettings = {
				BUNDLE_LOADER = "$(TEST_HOST)";
				DEVELOPMENT_TEAM = 657HH87BMM;
				INFOPLIST_FILE = "tableview简化封装-OCTests/Info.plist";
				LD_RUNPATH_SEARCH_PATHS = "$(inherited) @executable_path/Frameworks @loader_path/Frameworks";
				PRODUCT_BUNDLE_IDENTIFIER = "----.tableview-----OCTests";
				PRODUCT_NAME = "$(TARGET_NAME)";
				TEST_HOST = "$(BUILT_PRODUCTS_DIR)/tableview简化封装-OC.app/tableview简化封装-OC";
			};
			name = Debug;
		};
		3C89EF3C1EA05B7A00845D5D /* Release */ = {
			isa = XCBuildConfiguration;
			buildSettings = {
				BUNDLE_LOADER = "$(TEST_HOST)";
				DEVELOPMENT_TEAM = 657HH87BMM;
				INFOPLIST_FILE = "tableview简化封装-OCTests/Info.plist";
				LD_RUNPATH_SEARCH_PATHS = "$(inherited) @executable_path/Frameworks @loader_path/Frameworks";
				PRODUCT_BUNDLE_IDENTIFIER = "----.tableview-----OCTests";
				PRODUCT_NAME = "$(TARGET_NAME)";
				TEST_HOST = "$(BUILT_PRODUCTS_DIR)/tableview简化封装-OC.app/tableview简化封装-OC";
			};
			name = Release;
		};
		3C89EF3E1EA05B7A00845D5D /* Debug */ = {
			isa = XCBuildConfiguration;
			buildSettings = {
				DEVELOPMENT_TEAM = 657HH87BMM;
				INFOPLIST_FILE = "tableview简化封装-OCUITests/Info.plist";
				LD_RUNPATH_SEARCH_PATHS = "$(inherited) @executable_path/Frameworks @loader_path/Frameworks";
				PRODUCT_BUNDLE_IDENTIFIER = "----.tableview-----OCUITests";
				PRODUCT_NAME = "$(TARGET_NAME)";
				TEST_TARGET_NAME = "tableview简化封装-OC";
			};
			name = Debug;
		};
		3C89EF3F1EA05B7A00845D5D /* Release */ = {
			isa = XCBuildConfiguration;
			buildSettings = {
				DEVELOPMENT_TEAM = 657HH87BMM;
				INFOPLIST_FILE = "tableview简化封装-OCUITests/Info.plist";
				LD_RUNPATH_SEARCH_PATHS = "$(inherited) @executable_path/Frameworks @loader_path/Frameworks";
				PRODUCT_BUNDLE_IDENTIFIER = "----.tableview-----OCUITests";
				PRODUCT_NAME = "$(TARGET_NAME)";
				TEST_TARGET_NAME = "tableview简化封装-OC";
			};
			name = Release;
		};
/* End XCBuildConfiguration section */

/* Begin XCConfigurationList section */
		3C89EF051EA05B7A00845D5D /* Build configuration list for PBXProject "tableview简化封装-OC" */ = {
			isa = XCConfigurationList;
			buildConfigurations = (
				3C89EF351EA05B7A00845D5D /* Debug */,
				3C89EF361EA05B7A00845D5D /* Release */,
			);
			defaultConfigurationIsVisible = 0;
			defaultConfigurationName = Release;
		};
		3C89EF371EA05B7A00845D5D /* Build configuration list for PBXNativeTarget "tableview简化封装-OC" */ = {
			isa = XCConfigurationList;
			buildConfigurations = (
				3C89EF381EA05B7A00845D5D /* Debug */,
				3C89EF391EA05B7A00845D5D /* Release */,
			);
			defaultConfigurationIsVisible = 0;
			defaultConfigurationName = Release;
		};
		3C89EF3A1EA05B7A00845D5D /* Build configuration list for PBXNativeTarget "tableview简化封装-OCTests" */ = {
			isa = XCConfigurationList;
			buildConfigurations = (
				3C89EF3B1EA05B7A00845D5D /* Debug */,
				3C89EF3C1EA05B7A00845D5D /* Release */,
			);
			defaultConfigurationIsVisible = 0;
			defaultConfigurationName = Release;
		};
		3C89EF3D1EA05B7A00845D5D /* Build configuration list for PBXNativeTarget "tableview简化封装-OCUITests" */ = {
			isa = XCConfigurationList;
			buildConfigurations = (
				3C89EF3E1EA05B7A00845D5D /* Debug */,
				3C89EF3F1EA05B7A00845D5D /* Release */,
			);
			defaultConfigurationIsVisible = 0;
			defaultConfigurationName = Release;
		};
/* End XCConfigurationList section */
	};
	rootObject = 3C89EF021EA05B7A00845D5D /* Project object */;
}
